lockfileVersion: 5.3

specifiers:
  '@vue/reactivity': ^3.2.45

dependencies:
  '@vue/reactivity': registry.npmmirror.com/@vue/reactivity/3.2.45

packages:

  registry.npmmirror.com/@vue/reactivity/3.2.45:
    resolution: {integrity: sha512-PRvhCcQcyEVohW0P8iQ7HDcIOXRjZfAsOds3N99X/Dzewy8TVhTCT4uXpAHfoKjVTJRA0O0K+6QNkDIZAxNi3A==, registry: https://registry.npm.taobao.org/, tarball: https://registry.npmmirror.com/@vue/reactivity/-/reactivity-3.2.45.tgz}
    name: '@vue/reactivity'
    version: 3.2.45
    dependencies:
      '@vue/shared': registry.npmmirror.com/@vue/shared/3.2.45
    dev: false

  registry.npmmirror.com/@vue/shared/3.2.45:
    resolution: {integrity: sha512-Ewzq5Yhimg7pSztDV+RH1UDKBzmtqieXQlpTVm2AwraoRL/Rks96mvd8Vgi7Lj+h+TH8dv7mXD3FRZR3TUvbSg==, registry: https://registry.npm.taobao.org/, tarball: https://registry.npmmirror.com/@vue/shared/-/shared-3.2.45.tgz}
    name: '@vue/shared'
    version: 3.2.45
    dev: false
